
Microsoft Visual Studio Solution File, Format Version 12.00
# Visual Studio 2013
VisualStudioVersion = 12.0.21005.1
MinimumVisualStudioVersion = 10.0.40219.1
Project("{FAE04EC0-301F-11D3-BF4B-00C04F79EFBC}") = "GenericClass", "GenericClass\GenericClass.csproj", "{89E767A7-3703-400E-B872-6179C824921F}"
EndProject
Project("{FAE04EC0-301F-11D3-BF4B-00C04F79EFBC}") = "Matrix", "Matrix\Matrix.csproj", "{92A30121-B04A-48D7-8522-6E8A8F3FCE7C}"
EndProject
Project("{FAE04EC0-301F-11D3-BF4B-00C04F79EFBC}") = "AttributesTask", "AttributesTask\AttributesTask.csproj", "{46815E6C-7175-47EF-8471-5E5B9EB36340}"
EndProject
Project("{FAE04EC0-301F-11D3-BF4B-00C04F79EFBC}") = "Point", "Structure\Point.csproj", "{7049ABA8-A626-41D3-9BBF-166918A21386}"
EndProject
Global
	GlobalSection(SolutionConfigurationPlatforms) = preSolution
		Debug|Any CPU = Debug|Any CPU
		Release|Any CPU = Release|Any CPU
	EndGlobalSection
	GlobalSection(ProjectConfigurationPlatforms) = postSolution
		{89E767A7-3703-400E-B872-6179C824921F}.Debug|Any CPU.ActiveCfg = Debug|Any CPU
		{89E767A7-3703-400E-B872-6179C824921F}.Debug|Any CPU.Build.0 = Debug|Any CPU
		{89E767A7-3703-400E-B872-6179C824921F}.Release|Any CPU.ActiveCfg = Release|Any CPU
		{89E767A7-3703-400E-B872-6179C824921F}.Release|Any CPU.Build.0 = Release|Any CPU
		{92A30121-B04A-48D7-8522-6E8A8F3FCE7C}.Debug|Any CPU.ActiveCfg = Debug|Any CPU
		{92A30121-B04A-48D7-8522-6E8A8F3FCE7C}.Debug|Any CPU.Build.0 = Debug|Any CPU
		{92A30121-B04A-48D7-8522-6E8A8F3FCE7C}.Release|Any CPU.ActiveCfg = Release|Any CPU
		{92A30121-B04A-48D7-8522-6E8A8F3FCE7C}.Release|Any CPU.Build.0 = Release|Any CPU
		{46815E6C-7175-47EF-8471-5E5B9EB36340}.Debug|Any CPU.ActiveCfg = Debug|Any CPU
		{46815E6C-7175-47EF-8471-5E5B9EB36340}.Debug|Any CPU.Build.0 = Debug|Any CPU
		{46815E6C-7175-47EF-8471-5E5B9EB36340}.Release|Any CPU.ActiveCfg = Release|Any CPU
		{46815E6C-7175-47EF-8471-5E5B9EB36340}.Release|Any CPU.Build.0 = Release|Any CPU
		{7049ABA8-A626-41D3-9BBF-166918A21386}.Debug|Any CPU.ActiveCfg = Debug|Any CPU
		{7049ABA8-A626-41D3-9BBF-166918A21386}.Debug|Any CPU.Build.0 = Debug|Any CPU
		{7049ABA8-A626-41D3-9BBF-166918A21386}.Release|Any CPU.ActiveCfg = Release|Any CPU
		{7049ABA8-A626-41D3-9BBF-166918A21386}.Release|Any CPU.Build.0 = Release|Any CPU
	EndGlobalSection
	GlobalSection(SolutionProperties) = preSolution
		HideSolutionNode = FALSE
	EndGlobalSection
EndGlobal
