
Microsoft Visual Studio Solution File, Format Version 12.00
# Visual Studio 2013
VisualStudioVersion = 12.0.21005.1
MinimumVisualStudioVersion = 10.0.40219.1
Project("{FAE04EC0-301F-11D3-BF4B-00C04F79EFBC}") = "01.DecimalToBinary", "01.DecimalToBinary\01.DecimalToBinary.csproj", "{4B208F06-5B73-4B9B-BEA8-CA47214A78DF}"
EndProject
Project("{FAE04EC0-301F-11D3-BF4B-00C04F79EFBC}") = "02.BinaryToDecimal", "02.BinaryToDecimal\02.BinaryToDecimal.csproj", "{D7DAAD84-F1EE-4A01-92E1-CF7B5F5BEED2}"
EndProject
Project("{FAE04EC0-301F-11D3-BF4B-00C04F79EFBC}") = "03.DecimalToHexadecimal", "03.DecimalToHexadecimal\03.DecimalToHexadecimal.csproj", "{99905B4D-7281-4766-969B-CF226EDA28AC}"
EndProject
Project("{FAE04EC0-301F-11D3-BF4B-00C04F79EFBC}") = "04.HexadecimalToDecimal", "04.HexadecimalToDecimal\04.HexadecimalToDecimal.csproj", "{8526FC65-D112-42ED-AEC1-98CE894454F5}"
EndProject
Project("{FAE04EC0-301F-11D3-BF4B-00C04F79EFBC}") = "05.HexadecimalToBinary", "05.HexadecimalToBinary\05.HexadecimalToBinary.csproj", "{8236BED2-8829-4BBC-86BD-F1F2FBCA0DAF}"
EndProject
Project("{FAE04EC0-301F-11D3-BF4B-00C04F79EFBC}") = "06.BinaryToHexadecimal", "06.BinaryToHexadecimal\06.BinaryToHexadecimal.csproj", "{50D81C00-7C75-48A3-94E4-70956424AD85}"
EndProject
Project("{FAE04EC0-301F-11D3-BF4B-00C04F79EFBC}") = "07.OneSystemToAnyOther", "07.OneSystemToAnyOther\07.OneSystemToAnyOther.csproj", "{3720E1EE-D85F-4C9F-8962-E44FDB0ADBCB}"
EndProject
Project("{FAE04EC0-301F-11D3-BF4B-00C04F79EFBC}") = "08.BinaryShort", "08.BinaryShort\08.BinaryShort.csproj", "{B12C619B-5EE7-4186-8EA1-C1323B19AA31}"
EndProject
Project("{FAE04EC0-301F-11D3-BF4B-00C04F79EFBC}") = "09.BinaryFloatingPoint", "09.BinaryFloatingPoint\09.BinaryFloatingPoint.csproj", "{E9856771-CE46-4B92-A1FF-C724501860E6}"
EndProject
Global
	GlobalSection(SolutionConfigurationPlatforms) = preSolution
		Debug|Any CPU = Debug|Any CPU
		Release|Any CPU = Release|Any CPU
	EndGlobalSection
	GlobalSection(ProjectConfigurationPlatforms) = postSolution
		{4B208F06-5B73-4B9B-BEA8-CA47214A78DF}.Debug|Any CPU.ActiveCfg = Debug|Any CPU
		{4B208F06-5B73-4B9B-BEA8-CA47214A78DF}.Debug|Any CPU.Build.0 = Debug|Any CPU
		{4B208F06-5B73-4B9B-BEA8-CA47214A78DF}.Release|Any CPU.ActiveCfg = Release|Any CPU
		{4B208F06-5B73-4B9B-BEA8-CA47214A78DF}.Release|Any CPU.Build.0 = Release|Any CPU
		{D7DAAD84-F1EE-4A01-92E1-CF7B5F5BEED2}.Debug|Any CPU.ActiveCfg = Debug|Any CPU
		{D7DAAD84-F1EE-4A01-92E1-CF7B5F5BEED2}.Debug|Any CPU.Build.0 = Debug|Any CPU
		{D7DAAD84-F1EE-4A01-92E1-CF7B5F5BEED2}.Release|Any CPU.ActiveCfg = Release|Any CPU
		{D7DAAD84-F1EE-4A01-92E1-CF7B5F5BEED2}.Release|Any CPU.Build.0 = Release|Any CPU
		{99905B4D-7281-4766-969B-CF226EDA28AC}.Debug|Any CPU.ActiveCfg = Debug|Any CPU
		{99905B4D-7281-4766-969B-CF226EDA28AC}.Debug|Any CPU.Build.0 = Debug|Any CPU
		{99905B4D-7281-4766-969B-CF226EDA28AC}.Release|Any CPU.ActiveCfg = Release|Any CPU
		{99905B4D-7281-4766-969B-CF226EDA28AC}.Release|Any CPU.Build.0 = Release|Any CPU
		{8526FC65-D112-42ED-AEC1-98CE894454F5}.Debug|Any CPU.ActiveCfg = Debug|Any CPU
		{8526FC65-D112-42ED-AEC1-98CE894454F5}.Debug|Any CPU.Build.0 = Debug|Any CPU
		{8526FC65-D112-42ED-AEC1-98CE894454F5}.Release|Any CPU.ActiveCfg = Release|Any CPU
		{8526FC65-D112-42ED-AEC1-98CE894454F5}.Release|Any CPU.Build.0 = Release|Any CPU
		{8236BED2-8829-4BBC-86BD-F1F2FBCA0DAF}.Debug|Any CPU.ActiveCfg = Debug|Any CPU
		{8236BED2-8829-4BBC-86BD-F1F2FBCA0DAF}.Debug|Any CPU.Build.0 = Debug|Any CPU
		{8236BED2-8829-4BBC-86BD-F1F2FBCA0DAF}.Release|Any CPU.ActiveCfg = Release|Any CPU
		{8236BED2-8829-4BBC-86BD-F1F2FBCA0DAF}.Release|Any CPU.Build.0 = Release|Any CPU
		{50D81C00-7C75-48A3-94E4-70956424AD85}.Debug|Any CPU.ActiveCfg = Debug|Any CPU
		{50D81C00-7C75-48A3-94E4-70956424AD85}.Debug|Any CPU.Build.0 = Debug|Any CPU
		{50D81C00-7C75-48A3-94E4-70956424AD85}.Release|Any CPU.ActiveCfg = Release|Any CPU
		{50D81C00-7C75-48A3-94E4-70956424AD85}.Release|Any CPU.Build.0 = Release|Any CPU
		{3720E1EE-D85F-4C9F-8962-E44FDB0ADBCB}.Debug|Any CPU.ActiveCfg = Debug|Any CPU
		{3720E1EE-D85F-4C9F-8962-E44FDB0ADBCB}.Debug|Any CPU.Build.0 = Debug|Any CPU
		{3720E1EE-D85F-4C9F-8962-E44FDB0ADBCB}.Release|Any CPU.ActiveCfg = Release|Any CPU
		{3720E1EE-D85F-4C9F-8962-E44FDB0ADBCB}.Release|Any CPU.Build.0 = Release|Any CPU
		{B12C619B-5EE7-4186-8EA1-C1323B19AA31}.Debug|Any CPU.ActiveCfg = Debug|Any CPU
		{B12C619B-5EE7-4186-8EA1-C1323B19AA31}.Debug|Any CPU.Build.0 = Debug|Any CPU
		{B12C619B-5EE7-4186-8EA1-C1323B19AA31}.Release|Any CPU.ActiveCfg = Release|Any CPU
		{B12C619B-5EE7-4186-8EA1-C1323B19AA31}.Release|Any CPU.Build.0 = Release|Any CPU
		{E9856771-CE46-4B92-A1FF-C724501860E6}.Debug|Any CPU.ActiveCfg = Debug|Any CPU
		{E9856771-CE46-4B92-A1FF-C724501860E6}.Debug|Any CPU.Build.0 = Debug|Any CPU
		{E9856771-CE46-4B92-A1FF-C724501860E6}.Release|Any CPU.ActiveCfg = Release|Any CPU
		{E9856771-CE46-4B92-A1FF-C724501860E6}.Release|Any CPU.Build.0 = Release|Any CPU
	EndGlobalSection
	GlobalSection(SolutionProperties) = preSolution
		HideSolutionNode = FALSE
	EndGlobalSection
EndGlobal
