
Microsoft Visual Studio Solution File, Format Version 12.00
# Visual Studio 2013
VisualStudioVersion = 12.0.31101.0
MinimumVisualStudioVersion = 10.0.40219.1
Project("{FAE04EC0-301F-11D3-BF4B-00C04F79EFBC}") = "01.Task", "01.Task\01.Task.csproj", "{86CD0A88-4793-4458-898C-C3171AE561B2}"
EndProject
Project("{FAE04EC0-301F-11D3-BF4B-00C04F79EFBC}") = "02.Task", "02.Task\02.Task.csproj", "{D4AB2C4F-A521-4F91-A7C6-91DCDA98D51A}"
EndProject
Project("{FAE04EC0-301F-11D3-BF4B-00C04F79EFBC}") = "03.Task", "03.Task\03.Task.csproj", "{1214F742-08E8-48DE-A646-92BD6A04356D}"
EndProject
Project("{FAE04EC0-301F-11D3-BF4B-00C04F79EFBC}") = "04.Task", "04.Task\04.Task.csproj", "{1F0B2020-E674-4D82-A8D8-BB852E30261A}"
EndProject
Global
	GlobalSection(SolutionConfigurationPlatforms) = preSolution
		Debug|Any CPU = Debug|Any CPU
		Release|Any CPU = Release|Any CPU
	EndGlobalSection
	GlobalSection(ProjectConfigurationPlatforms) = postSolution
		{86CD0A88-4793-4458-898C-C3171AE561B2}.Debug|Any CPU.ActiveCfg = Debug|Any CPU
		{86CD0A88-4793-4458-898C-C3171AE561B2}.Debug|Any CPU.Build.0 = Debug|Any CPU
		{86CD0A88-4793-4458-898C-C3171AE561B2}.Release|Any CPU.ActiveCfg = Release|Any CPU
		{86CD0A88-4793-4458-898C-C3171AE561B2}.Release|Any CPU.Build.0 = Release|Any CPU
		{D4AB2C4F-A521-4F91-A7C6-91DCDA98D51A}.Debug|Any CPU.ActiveCfg = Debug|Any CPU
		{D4AB2C4F-A521-4F91-A7C6-91DCDA98D51A}.Debug|Any CPU.Build.0 = Debug|Any CPU
		{D4AB2C4F-A521-4F91-A7C6-91DCDA98D51A}.Release|Any CPU.ActiveCfg = Release|Any CPU
		{D4AB2C4F-A521-4F91-A7C6-91DCDA98D51A}.Release|Any CPU.Build.0 = Release|Any CPU
		{1214F742-08E8-48DE-A646-92BD6A04356D}.Debug|Any CPU.ActiveCfg = Debug|Any CPU
		{1214F742-08E8-48DE-A646-92BD6A04356D}.Debug|Any CPU.Build.0 = Debug|Any CPU
		{1214F742-08E8-48DE-A646-92BD6A04356D}.Release|Any CPU.ActiveCfg = Release|Any CPU
		{1214F742-08E8-48DE-A646-92BD6A04356D}.Release|Any CPU.Build.0 = Release|Any CPU
		{1F0B2020-E674-4D82-A8D8-BB852E30261A}.Debug|Any CPU.ActiveCfg = Debug|Any CPU
		{1F0B2020-E674-4D82-A8D8-BB852E30261A}.Debug|Any CPU.Build.0 = Debug|Any CPU
		{1F0B2020-E674-4D82-A8D8-BB852E30261A}.Release|Any CPU.ActiveCfg = Release|Any CPU
		{1F0B2020-E674-4D82-A8D8-BB852E30261A}.Release|Any CPU.Build.0 = Release|Any CPU
	EndGlobalSection
	GlobalSection(SolutionProperties) = preSolution
		HideSolutionNode = FALSE
	EndGlobalSection
EndGlobal
