
Microsoft Visual Studio Solution File, Format Version 12.00
# Visual Studio 2013
VisualStudioVersion = 12.0.21005.1
MinimumVisualStudioVersion = 10.0.40219.1
Project("{FAE04EC0-301F-11D3-BF4B-00C04F79EFBC}") = "02.ReverseString", "02.ReverseString\02.ReverseString.csproj", "{0A0A2A77-D6C4-4B77-9335-2FB825F5E436}"
EndProject
Project("{FAE04EC0-301F-11D3-BF4B-00C04F79EFBC}") = "03.CorrectBrackets", "03.CorrectBrackets\03.CorrectBrackets.csproj", "{48178BEE-F8DD-4B35-A0C3-ED766259E477}"
EndProject
Project("{FAE04EC0-301F-11D3-BF4B-00C04F79EFBC}") = "04.SubStringInText", "04.SubStringInText\04.SubStringInText.csproj", "{D739C600-D35E-4E1F-8D69-277C7FC50FF1}"
EndProject
Project("{FAE04EC0-301F-11D3-BF4B-00C04F79EFBC}") = "05.ParseTags", "05.ParseTags\05.ParseTags.csproj", "{640CE8B1-0EBC-4A0E-B4A5-73E7C0143278}"
EndProject
Project("{FAE04EC0-301F-11D3-BF4B-00C04F79EFBC}") = "06.StringLength", "06.StringLength\06.StringLength.csproj", "{CB5CBDEA-0AE2-45CB-BCAF-A6F068E2EB66}"
EndProject
Project("{FAE04EC0-301F-11D3-BF4B-00C04F79EFBC}") = "07.EncodeDecode", "07.EncodeDecode\07.EncodeDecode.csproj", "{EFFB0FE8-D927-4D5D-B4EE-ED57C54A248A}"
EndProject
Project("{FAE04EC0-301F-11D3-BF4B-00C04F79EFBC}") = "08.ExtractSentences", "08.ExtractSentences\08.ExtractSentences.csproj", "{F81A383D-5298-4B89-B74F-7B851D6D80A8}"
EndProject
Project("{FAE04EC0-301F-11D3-BF4B-00C04F79EFBC}") = "09.ForbiddenWords", "09.ForbiddenWords\09.ForbiddenWords.csproj", "{2A387E79-97F7-4428-995D-2833608FA3C9}"
EndProject
Project("{FAE04EC0-301F-11D3-BF4B-00C04F79EFBC}") = "10.UnicodeCharacters", "10.UnicodeCharacters\10.UnicodeCharacters.csproj", "{66954293-7AA7-4006-B28B-3D8CD626B361}"
EndProject
Project("{FAE04EC0-301F-11D3-BF4B-00C04F79EFBC}") = "11.FormatNumber", "11.FormatNumber\11.FormatNumber.csproj", "{EA5079C0-7978-4E47-8684-7F76425A8C7E}"
EndProject
Project("{FAE04EC0-301F-11D3-BF4B-00C04F79EFBC}") = "12.ParseURL", "12.ParseURL\12.ParseURL.csproj", "{4487587D-19DF-494E-BE1E-0025B3F29DC1}"
EndProject
Project("{FAE04EC0-301F-11D3-BF4B-00C04F79EFBC}") = "13.ReverseSentence", "13.ReverseSentence\13.ReverseSentence.csproj", "{7AE71BCB-8792-498D-9E2A-AAC909F4AB61}"
EndProject
Project("{FAE04EC0-301F-11D3-BF4B-00C04F79EFBC}") = "14.WordDctionary", "14.WordDctionary\14.WordDctionary.csproj", "{EF570433-F988-46E0-8450-0C2F663904EB}"
EndProject
Global
	GlobalSection(SolutionConfigurationPlatforms) = preSolution
		Debug|Any CPU = Debug|Any CPU
		Release|Any CPU = Release|Any CPU
	EndGlobalSection
	GlobalSection(ProjectConfigurationPlatforms) = postSolution
		{0A0A2A77-D6C4-4B77-9335-2FB825F5E436}.Debug|Any CPU.ActiveCfg = Debug|Any CPU
		{0A0A2A77-D6C4-4B77-9335-2FB825F5E436}.Debug|Any CPU.Build.0 = Debug|Any CPU
		{0A0A2A77-D6C4-4B77-9335-2FB825F5E436}.Release|Any CPU.ActiveCfg = Release|Any CPU
		{0A0A2A77-D6C4-4B77-9335-2FB825F5E436}.Release|Any CPU.Build.0 = Release|Any CPU
		{48178BEE-F8DD-4B35-A0C3-ED766259E477}.Debug|Any CPU.ActiveCfg = Debug|Any CPU
		{48178BEE-F8DD-4B35-A0C3-ED766259E477}.Debug|Any CPU.Build.0 = Debug|Any CPU
		{48178BEE-F8DD-4B35-A0C3-ED766259E477}.Release|Any CPU.ActiveCfg = Release|Any CPU
		{48178BEE-F8DD-4B35-A0C3-ED766259E477}.Release|Any CPU.Build.0 = Release|Any CPU
		{D739C600-D35E-4E1F-8D69-277C7FC50FF1}.Debug|Any CPU.ActiveCfg = Debug|Any CPU
		{D739C600-D35E-4E1F-8D69-277C7FC50FF1}.Debug|Any CPU.Build.0 = Debug|Any CPU
		{D739C600-D35E-4E1F-8D69-277C7FC50FF1}.Release|Any CPU.ActiveCfg = Release|Any CPU
		{D739C600-D35E-4E1F-8D69-277C7FC50FF1}.Release|Any CPU.Build.0 = Release|Any CPU
		{640CE8B1-0EBC-4A0E-B4A5-73E7C0143278}.Debug|Any CPU.ActiveCfg = Debug|Any CPU
		{640CE8B1-0EBC-4A0E-B4A5-73E7C0143278}.Debug|Any CPU.Build.0 = Debug|Any CPU
		{640CE8B1-0EBC-4A0E-B4A5-73E7C0143278}.Release|Any CPU.ActiveCfg = Release|Any CPU
		{640CE8B1-0EBC-4A0E-B4A5-73E7C0143278}.Release|Any CPU.Build.0 = Release|Any CPU
		{CB5CBDEA-0AE2-45CB-BCAF-A6F068E2EB66}.Debug|Any CPU.ActiveCfg = Debug|Any CPU
		{CB5CBDEA-0AE2-45CB-BCAF-A6F068E2EB66}.Debug|Any CPU.Build.0 = Debug|Any CPU
		{CB5CBDEA-0AE2-45CB-BCAF-A6F068E2EB66}.Release|Any CPU.ActiveCfg = Release|Any CPU
		{CB5CBDEA-0AE2-45CB-BCAF-A6F068E2EB66}.Release|Any CPU.Build.0 = Release|Any CPU
		{EFFB0FE8-D927-4D5D-B4EE-ED57C54A248A}.Debug|Any CPU.ActiveCfg = Debug|Any CPU
		{EFFB0FE8-D927-4D5D-B4EE-ED57C54A248A}.Debug|Any CPU.Build.0 = Debug|Any CPU
		{EFFB0FE8-D927-4D5D-B4EE-ED57C54A248A}.Release|Any CPU.ActiveCfg = Release|Any CPU
		{EFFB0FE8-D927-4D5D-B4EE-ED57C54A248A}.Release|Any CPU.Build.0 = Release|Any CPU
		{F81A383D-5298-4B89-B74F-7B851D6D80A8}.Debug|Any CPU.ActiveCfg = Debug|Any CPU
		{F81A383D-5298-4B89-B74F-7B851D6D80A8}.Debug|Any CPU.Build.0 = Debug|Any CPU
		{F81A383D-5298-4B89-B74F-7B851D6D80A8}.Release|Any CPU.ActiveCfg = Release|Any CPU
		{F81A383D-5298-4B89-B74F-7B851D6D80A8}.Release|Any CPU.Build.0 = Release|Any CPU
		{2A387E79-97F7-4428-995D-2833608FA3C9}.Debug|Any CPU.ActiveCfg = Debug|Any CPU
		{2A387E79-97F7-4428-995D-2833608FA3C9}.Debug|Any CPU.Build.0 = Debug|Any CPU
		{2A387E79-97F7-4428-995D-2833608FA3C9}.Release|Any CPU.ActiveCfg = Release|Any CPU
		{2A387E79-97F7-4428-995D-2833608FA3C9}.Release|Any CPU.Build.0 = Release|Any CPU
		{66954293-7AA7-4006-B28B-3D8CD626B361}.Debug|Any CPU.ActiveCfg = Debug|Any CPU
		{66954293-7AA7-4006-B28B-3D8CD626B361}.Debug|Any CPU.Build.0 = Debug|Any CPU
		{66954293-7AA7-4006-B28B-3D8CD626B361}.Release|Any CPU.ActiveCfg = Release|Any CPU
		{66954293-7AA7-4006-B28B-3D8CD626B361}.Release|Any CPU.Build.0 = Release|Any CPU
		{EA5079C0-7978-4E47-8684-7F76425A8C7E}.Debug|Any CPU.ActiveCfg = Debug|Any CPU
		{EA5079C0-7978-4E47-8684-7F76425A8C7E}.Debug|Any CPU.Build.0 = Debug|Any CPU
		{EA5079C0-7978-4E47-8684-7F76425A8C7E}.Release|Any CPU.ActiveCfg = Release|Any CPU
		{EA5079C0-7978-4E47-8684-7F76425A8C7E}.Release|Any CPU.Build.0 = Release|Any CPU
		{4487587D-19DF-494E-BE1E-0025B3F29DC1}.Debug|Any CPU.ActiveCfg = Debug|Any CPU
		{4487587D-19DF-494E-BE1E-0025B3F29DC1}.Debug|Any CPU.Build.0 = Debug|Any CPU
		{4487587D-19DF-494E-BE1E-0025B3F29DC1}.Release|Any CPU.ActiveCfg = Release|Any CPU
		{4487587D-19DF-494E-BE1E-0025B3F29DC1}.Release|Any CPU.Build.0 = Release|Any CPU
		{7AE71BCB-8792-498D-9E2A-AAC909F4AB61}.Debug|Any CPU.ActiveCfg = Debug|Any CPU
		{7AE71BCB-8792-498D-9E2A-AAC909F4AB61}.Debug|Any CPU.Build.0 = Debug|Any CPU
		{7AE71BCB-8792-498D-9E2A-AAC909F4AB61}.Release|Any CPU.ActiveCfg = Release|Any CPU
		{7AE71BCB-8792-498D-9E2A-AAC909F4AB61}.Release|Any CPU.Build.0 = Release|Any CPU
		{EF570433-F988-46E0-8450-0C2F663904EB}.Debug|Any CPU.ActiveCfg = Debug|Any CPU
		{EF570433-F988-46E0-8450-0C2F663904EB}.Debug|Any CPU.Build.0 = Debug|Any CPU
		{EF570433-F988-46E0-8450-0C2F663904EB}.Release|Any CPU.ActiveCfg = Release|Any CPU
		{EF570433-F988-46E0-8450-0C2F663904EB}.Release|Any CPU.Build.0 = Release|Any CPU
	EndGlobalSection
	GlobalSection(SolutionProperties) = preSolution
		HideSolutionNode = FALSE
	EndGlobalSection
EndGlobal
